
Microsoft Visual Studio Solution File, Format Version 12.00
# Visual Studio 15
VisualStudioVersion = 15.0.26124.0
MinimumVisualStudioVersion = 15.0.26124.0
Project("{FAE04EC0-301F-11D3-BF4B-00C04F79EFBC}") = "Api", "Api\Api.csproj", "{301693D7-C516-4058-A5BE-945ABCD84991}"
EndProject
Project("{FAE04EC0-301F-11D3-BF4B-00C04F79EFBC}") = "Domain", "Domain\Domain.csproj", "{20793419-7C2E-4C2C-A8C4-1861F074E8E1}"
EndProject
Project("{FAE04EC0-301F-11D3-BF4B-00C04F79EFBC}") = "Data", "Data\Data.csproj", "{7021C492-0CA3-4488-8241-E3739BDD34C8}"
EndProject
Global
	GlobalSection(SolutionConfigurationPlatforms) = preSolution
		Debug|Any CPU = Debug|Any CPU
		Debug|x64 = Debug|x64
		Debug|x86 = Debug|x86
		Release|Any CPU = Release|Any CPU
		Release|x64 = Release|x64
		Release|x86 = Release|x86
	EndGlobalSection
	GlobalSection(SolutionProperties) = preSolution
		HideSolutionNode = FALSE
	EndGlobalSection
	GlobalSection(ProjectConfigurationPlatforms) = postSolution
		{301693D7-C516-4058-A5BE-945ABCD84991}.Debug|Any CPU.ActiveCfg = Debug|Any CPU
		{301693D7-C516-4058-A5BE-945ABCD84991}.Debug|Any CPU.Build.0 = Debug|Any CPU
		{301693D7-C516-4058-A5BE-945ABCD84991}.Debug|x64.ActiveCfg = Debug|Any CPU
		{301693D7-C516-4058-A5BE-945ABCD84991}.Debug|x64.Build.0 = Debug|Any CPU
		{301693D7-C516-4058-A5BE-945ABCD84991}.Debug|x86.ActiveCfg = Debug|Any CPU
		{301693D7-C516-4058-A5BE-945ABCD84991}.Debug|x86.Build.0 = Debug|Any CPU
		{301693D7-C516-4058-A5BE-945ABCD84991}.Release|Any CPU.ActiveCfg = Release|Any CPU
		{301693D7-C516-4058-A5BE-945ABCD84991}.Release|Any CPU.Build.0 = Release|Any CPU
		{301693D7-C516-4058-A5BE-945ABCD84991}.Release|x64.ActiveCfg = Release|Any CPU
		{301693D7-C516-4058-A5BE-945ABCD84991}.Release|x64.Build.0 = Release|Any CPU
		{301693D7-C516-4058-A5BE-945ABCD84991}.Release|x86.ActiveCfg = Release|Any CPU
		{301693D7-C516-4058-A5BE-945ABCD84991}.Release|x86.Build.0 = Release|Any CPU
		{20793419-7C2E-4C2C-A8C4-1861F074E8E1}.Debug|Any CPU.ActiveCfg = Debug|Any CPU
		{20793419-7C2E-4C2C-A8C4-1861F074E8E1}.Debug|Any CPU.Build.0 = Debug|Any CPU
		{20793419-7C2E-4C2C-A8C4-1861F074E8E1}.Debug|x64.ActiveCfg = Debug|Any CPU
		{20793419-7C2E-4C2C-A8C4-1861F074E8E1}.Debug|x64.Build.0 = Debug|Any CPU
		{20793419-7C2E-4C2C-A8C4-1861F074E8E1}.Debug|x86.ActiveCfg = Debug|Any CPU
		{20793419-7C2E-4C2C-A8C4-1861F074E8E1}.Debug|x86.Build.0 = Debug|Any CPU
		{20793419-7C2E-4C2C-A8C4-1861F074E8E1}.Release|Any CPU.ActiveCfg = Release|Any CPU
		{20793419-7C2E-4C2C-A8C4-1861F074E8E1}.Release|Any CPU.Build.0 = Release|Any CPU
		{20793419-7C2E-4C2C-A8C4-1861F074E8E1}.Release|x64.ActiveCfg = Release|Any CPU
		{20793419-7C2E-4C2C-A8C4-1861F074E8E1}.Release|x64.Build.0 = Release|Any CPU
		{20793419-7C2E-4C2C-A8C4-1861F074E8E1}.Release|x86.ActiveCfg = Release|Any CPU
		{20793419-7C2E-4C2C-A8C4-1861F074E8E1}.Release|x86.Build.0 = Release|Any CPU
		{7021C492-0CA3-4488-8241-E3739BDD34C8}.Debug|Any CPU.ActiveCfg = Debug|Any CPU
		{7021C492-0CA3-4488-8241-E3739BDD34C8}.Debug|Any CPU.Build.0 = Debug|Any CPU
		{7021C492-0CA3-4488-8241-E3739BDD34C8}.Debug|x64.ActiveCfg = Debug|Any CPU
		{7021C492-0CA3-4488-8241-E3739BDD34C8}.Debug|x64.Build.0 = Debug|Any CPU
		{7021C492-0CA3-4488-8241-E3739BDD34C8}.Debug|x86.ActiveCfg = Debug|Any CPU
		{7021C492-0CA3-4488-8241-E3739BDD34C8}.Debug|x86.Build.0 = Debug|Any CPU
		{7021C492-0CA3-4488-8241-E3739BDD34C8}.Release|Any CPU.ActiveCfg = Release|Any CPU
		{7021C492-0CA3-4488-8241-E3739BDD34C8}.Release|Any CPU.Build.0 = Release|Any CPU
		{7021C492-0CA3-4488-8241-E3739BDD34C8}.Release|x64.ActiveCfg = Release|Any CPU
		{7021C492-0CA3-4488-8241-E3739BDD34C8}.Release|x64.Build.0 = Release|Any CPU
		{7021C492-0CA3-4488-8241-E3739BDD34C8}.Release|x86.ActiveCfg = Release|Any CPU
		{7021C492-0CA3-4488-8241-E3739BDD34C8}.Release|x86.Build.0 = Release|Any CPU
	EndGlobalSection
EndGlobal
